
Microsoft Visual Studio Solution File, Format Version 12.00
# Visual Studio Version 17
VisualStudioVersion = 17.13.35818.85 d17.13
MinimumVisualStudioVersion = 10.0.40219.1
Project("{FAE04EC0-301F-11D3-BF4B-00C04F79EFBC}") = "WaitAMoment", "WaitAMoment.csproj", "{733BBF6C-20F0-40ED-BF4A-770F39AE05B0}"
EndProject
Global
	GlobalSection(SolutionConfigurationPlatforms) = preSolution
		Debug|Any CPU = Debug|Any CPU
		Release|Any CPU = Release|Any CPU
	EndGlobalSection
	GlobalSection(ProjectConfigurationPlatforms) = postSolution
		{733BBF6C-20F0-40ED-BF4A-770F39AE05B0}.Debug|Any CPU.ActiveCfg = Debug|Any CPU
		{733BBF6C-20F0-40ED-BF4A-770F39AE05B0}.Debug|Any CPU.Build.0 = Debug|Any CPU
		{733BBF6C-20F0-40ED-BF4A-770F39AE05B0}.Release|Any CPU.ActiveCfg = Release|Any CPU
		{733BBF6C-20F0-40ED-BF4A-770F39AE05B0}.Release|Any CPU.Build.0 = Release|Any CPU
	EndGlobalSection
	GlobalSection(SolutionProperties) = preSolution
		HideSolutionNode = FALSE
	EndGlobalSection
	GlobalSection(ExtensibilityGlobals) = postSolution
		SolutionGuid = {29CEBFFB-209C-45C3-8E6A-C0D4BA201AA2}
	EndGlobalSection
EndGlobal
